
Microsoft Visual Studio Solution File, Format Version 12.00
# Visual Studio Version 16
VisualStudioVersion = 16.0.29728.190
MinimumVisualStudioVersion = 10.0.40219.1
Project("{FAE04EC0-301F-11D3-BF4B-00C04F79EFBC}") = "DataBindExample", "DataBindExample\DataBindExample.csproj", "{31ACF0CF-C05E-4AF8-A84D-74F5EA873DDB}"
EndProject
Project("{FAE04EC0-301F-11D3-BF4B-00C04F79EFBC}") = "RentACar", "RentACar\RentACar.csproj", "{E3F2A36C-BF3F-48A4-AB20-DE9AE77080D8}"
EndProject
Global
	GlobalSection(SolutionConfigurationPlatforms) = preSolution
		Debug|Any CPU = Debug|Any CPU
		Release|Any CPU = Release|Any CPU
	EndGlobalSection
	GlobalSection(ProjectConfigurationPlatforms) = postSolution
		{31ACF0CF-C05E-4AF8-A84D-74F5EA873DDB}.Debug|Any CPU.ActiveCfg = Debug|Any CPU
		{31ACF0CF-C05E-4AF8-A84D-74F5EA873DDB}.Debug|Any CPU.Build.0 = Debug|Any CPU
		{31ACF0CF-C05E-4AF8-A84D-74F5EA873DDB}.Release|Any CPU.ActiveCfg = Release|Any CPU
		{31ACF0CF-C05E-4AF8-A84D-74F5EA873DDB}.Release|Any CPU.Build.0 = Release|Any CPU
		{E3F2A36C-BF3F-48A4-AB20-DE9AE77080D8}.Debug|Any CPU.ActiveCfg = Debug|Any CPU
		{E3F2A36C-BF3F-48A4-AB20-DE9AE77080D8}.Debug|Any CPU.Build.0 = Debug|Any CPU
		{E3F2A36C-BF3F-48A4-AB20-DE9AE77080D8}.Release|Any CPU.ActiveCfg = Release|Any CPU
		{E3F2A36C-BF3F-48A4-AB20-DE9AE77080D8}.Release|Any CPU.Build.0 = Release|Any CPU
	EndGlobalSection
	GlobalSection(SolutionProperties) = preSolution
		HideSolutionNode = FALSE
	EndGlobalSection
	GlobalSection(ExtensibilityGlobals) = postSolution
		SolutionGuid = {1DD50285-E9F0-4704-87C1-46A62FE41471}
	EndGlobalSection
EndGlobal
